
Microsoft Visual Studio Solution File, Format Version 12.00
# Visual Studio Version 17
VisualStudioVersion = 17.14.36518.9
MinimumVisualStudioVersion = 10.0.40219.1
Project("{2150E333-8FDC-42A3-9474-1A3956D46DE8}") = "Services", "Services", "{02EA681E-C7D8-13C7-8484-4AC65E1B71E8}"
EndProject
Project("{2150E333-8FDC-42A3-9474-1A3956D46DE8}") = "Catalog", "Catalog", "{63120AE7-5F94-4A06-BDCE-5E862E236346}"
EndProject
Project("{FAE04EC0-301F-11D3-BF4B-00C04F79EFBC}") = "Catalog.Api", "Services\Catalog\Catalog.ApI\Catalog.Api.csproj", "{B4C493CD-0206-42EE-BD57-9FF5C72FB0D8}"
EndProject
Project("{2150E333-8FDC-42A3-9474-1A3956D46DE8}") = "BuildingBlocks", "BuildingBlocks", "{BA39904A-DF1D-433F-985D-150F710D34E8}"
EndProject
Project("{FAE04EC0-301F-11D3-BF4B-00C04F79EFBC}") = "BuildingBlocks", "BuildingBlocks\BuildingBlocks\BuildingBlocks.csproj", "{CBC35ACB-F30B-4314-A8E6-CAB3A296EE93}"
EndProject
Project("{E53339B2-1760-4266-BCC7-CA923CBCF16C}") = "docker-compose", "docker-compose.dcproj", "{81DDED9D-158B-E303-5F62-77A2896D2A5A}"
EndProject
Project("{2150E333-8FDC-42A3-9474-1A3956D46DE8}") = "Basket", "Basket", "{E0E3D437-6416-445E-B4DC-73907BF3DF8F}"
EndProject
Project("{FAE04EC0-301F-11D3-BF4B-00C04F79EFBC}") = "Basket.API", "Services\Basket\Basket.API\Basket.API.csproj", "{042A0F28-851B-4930-B16D-B070A3B0412A}"
EndProject
Project("{2150E333-8FDC-42A3-9474-1A3956D46DE8}") = "Discount", "Discount", "{4D33877A-9638-42E5-AB49-9032BE88675A}"
EndProject
Project("{FAE04EC0-301F-11D3-BF4B-00C04F79EFBC}") = "Discount.Grpc", "Services\Discount\Discount.Grpc\Discount.Grpc.csproj", "{67987E7A-B16D-40C9-97B1-F87FAA38F9F9}"
EndProject
Project("{2150E333-8FDC-42A3-9474-1A3956D46DE8}") = "Ordering", "Ordering", "{41C3D25B-4710-4BCF-94EF-F730EEC294F7}"
EndProject
Project("{FAE04EC0-301F-11D3-BF4B-00C04F79EFBC}") = "Ordering.API", "Services\Ordering\Ordering.API\Ordering.API.csproj", "{59A85529-5801-4417-B698-6F4ADACA82CD}"
EndProject
Project("{FAE04EC0-301F-11D3-BF4B-00C04F79EFBC}") = "Ordering.Domain", "Services\Ordering\Ordering.Domain\Ordering.Domain.csproj", "{BFC58BC1-216E-411D-9494-7EFCDA4407DE}"
EndProject
Project("{FAE04EC0-301F-11D3-BF4B-00C04F79EFBC}") = "Ordering.Application", "Services\Ordering\Ordering.Application\Ordering.Application.csproj", "{1A150E2F-6A28-46DA-8CD8-387652831E44}"
EndProject
Project("{FAE04EC0-301F-11D3-BF4B-00C04F79EFBC}") = "Ordering.Infrastructure", "Services\Ordering\Ordering.Infrastructure\Ordering.Infrastructure.csproj", "{D2F5833C-FFAA-46AC-92D8-1B8726CC5C34}"
EndProject
Global
	GlobalSection(SolutionConfigurationPlatforms) = preSolution
		Debug|Any CPU = Debug|Any CPU
		Release|Any CPU = Release|Any CPU
	EndGlobalSection
	GlobalSection(ProjectConfigurationPlatforms) = postSolution
		{B4C493CD-0206-42EE-BD57-9FF5C72FB0D8}.Debug|Any CPU.ActiveCfg = Debug|Any CPU
		{B4C493CD-0206-42EE-BD57-9FF5C72FB0D8}.Debug|Any CPU.Build.0 = Debug|Any CPU
		{B4C493CD-0206-42EE-BD57-9FF5C72FB0D8}.Release|Any CPU.ActiveCfg = Release|Any CPU
		{B4C493CD-0206-42EE-BD57-9FF5C72FB0D8}.Release|Any CPU.Build.0 = Release|Any CPU
		{CBC35ACB-F30B-4314-A8E6-CAB3A296EE93}.Debug|Any CPU.ActiveCfg = Debug|Any CPU
		{CBC35ACB-F30B-4314-A8E6-CAB3A296EE93}.Debug|Any CPU.Build.0 = Debug|Any CPU
		{CBC35ACB-F30B-4314-A8E6-CAB3A296EE93}.Release|Any CPU.ActiveCfg = Release|Any CPU
		{CBC35ACB-F30B-4314-A8E6-CAB3A296EE93}.Release|Any CPU.Build.0 = Release|Any CPU
		{81DDED9D-158B-E303-5F62-77A2896D2A5A}.Debug|Any CPU.ActiveCfg = Debug|Any CPU
		{81DDED9D-158B-E303-5F62-77A2896D2A5A}.Debug|Any CPU.Build.0 = Debug|Any CPU
		{81DDED9D-158B-E303-5F62-77A2896D2A5A}.Release|Any CPU.ActiveCfg = Release|Any CPU
		{81DDED9D-158B-E303-5F62-77A2896D2A5A}.Release|Any CPU.Build.0 = Release|Any CPU
		{042A0F28-851B-4930-B16D-B070A3B0412A}.Debug|Any CPU.ActiveCfg = Debug|Any CPU
		{042A0F28-851B-4930-B16D-B070A3B0412A}.Debug|Any CPU.Build.0 = Debug|Any CPU
		{042A0F28-851B-4930-B16D-B070A3B0412A}.Release|Any CPU.ActiveCfg = Release|Any CPU
		{042A0F28-851B-4930-B16D-B070A3B0412A}.Release|Any CPU.Build.0 = Release|Any CPU
		{67987E7A-B16D-40C9-97B1-F87FAA38F9F9}.Debug|Any CPU.ActiveCfg = Debug|Any CPU
		{67987E7A-B16D-40C9-97B1-F87FAA38F9F9}.Debug|Any CPU.Build.0 = Debug|Any CPU
		{67987E7A-B16D-40C9-97B1-F87FAA38F9F9}.Release|Any CPU.ActiveCfg = Release|Any CPU
		{67987E7A-B16D-40C9-97B1-F87FAA38F9F9}.Release|Any CPU.Build.0 = Release|Any CPU
		{59A85529-5801-4417-B698-6F4ADACA82CD}.Debug|Any CPU.ActiveCfg = Debug|Any CPU
		{59A85529-5801-4417-B698-6F4ADACA82CD}.Debug|Any CPU.Build.0 = Debug|Any CPU
		{59A85529-5801-4417-B698-6F4ADACA82CD}.Release|Any CPU.ActiveCfg = Release|Any CPU
		{59A85529-5801-4417-B698-6F4ADACA82CD}.Release|Any CPU.Build.0 = Release|Any CPU
		{BFC58BC1-216E-411D-9494-7EFCDA4407DE}.Debug|Any CPU.ActiveCfg = Debug|Any CPU
		{BFC58BC1-216E-411D-9494-7EFCDA4407DE}.Debug|Any CPU.Build.0 = Debug|Any CPU
		{BFC58BC1-216E-411D-9494-7EFCDA4407DE}.Release|Any CPU.ActiveCfg = Release|Any CPU
		{BFC58BC1-216E-411D-9494-7EFCDA4407DE}.Release|Any CPU.Build.0 = Release|Any CPU
		{1A150E2F-6A28-46DA-8CD8-387652831E44}.Debug|Any CPU.ActiveCfg = Debug|Any CPU
		{1A150E2F-6A28-46DA-8CD8-387652831E44}.Debug|Any CPU.Build.0 = Debug|Any CPU
		{1A150E2F-6A28-46DA-8CD8-387652831E44}.Release|Any CPU.ActiveCfg = Release|Any CPU
		{1A150E2F-6A28-46DA-8CD8-387652831E44}.Release|Any CPU.Build.0 = Release|Any CPU
		{D2F5833C-FFAA-46AC-92D8-1B8726CC5C34}.Debug|Any CPU.ActiveCfg = Debug|Any CPU
		{D2F5833C-FFAA-46AC-92D8-1B8726CC5C34}.Debug|Any CPU.Build.0 = Debug|Any CPU
		{D2F5833C-FFAA-46AC-92D8-1B8726CC5C34}.Release|Any CPU.ActiveCfg = Release|Any CPU
		{D2F5833C-FFAA-46AC-92D8-1B8726CC5C34}.Release|Any CPU.Build.0 = Release|Any CPU
	EndGlobalSection
	GlobalSection(SolutionProperties) = preSolution
		HideSolutionNode = FALSE
	EndGlobalSection
	GlobalSection(NestedProjects) = preSolution
		{63120AE7-5F94-4A06-BDCE-5E862E236346} = {02EA681E-C7D8-13C7-8484-4AC65E1B71E8}
		{B4C493CD-0206-42EE-BD57-9FF5C72FB0D8} = {63120AE7-5F94-4A06-BDCE-5E862E236346}
		{CBC35ACB-F30B-4314-A8E6-CAB3A296EE93} = {BA39904A-DF1D-433F-985D-150F710D34E8}
		{E0E3D437-6416-445E-B4DC-73907BF3DF8F} = {02EA681E-C7D8-13C7-8484-4AC65E1B71E8}
		{042A0F28-851B-4930-B16D-B070A3B0412A} = {E0E3D437-6416-445E-B4DC-73907BF3DF8F}
		{4D33877A-9638-42E5-AB49-9032BE88675A} = {02EA681E-C7D8-13C7-8484-4AC65E1B71E8}
		{67987E7A-B16D-40C9-97B1-F87FAA38F9F9} = {4D33877A-9638-42E5-AB49-9032BE88675A}
		{41C3D25B-4710-4BCF-94EF-F730EEC294F7} = {02EA681E-C7D8-13C7-8484-4AC65E1B71E8}
		{59A85529-5801-4417-B698-6F4ADACA82CD} = {41C3D25B-4710-4BCF-94EF-F730EEC294F7}
		{BFC58BC1-216E-411D-9494-7EFCDA4407DE} = {41C3D25B-4710-4BCF-94EF-F730EEC294F7}
		{1A150E2F-6A28-46DA-8CD8-387652831E44} = {41C3D25B-4710-4BCF-94EF-F730EEC294F7}
		{D2F5833C-FFAA-46AC-92D8-1B8726CC5C34} = {41C3D25B-4710-4BCF-94EF-F730EEC294F7}
	EndGlobalSection
	GlobalSection(ExtensibilityGlobals) = postSolution
		SolutionGuid = {48BB613B-2F0B-45BA-842A-7A4C743E1FD0}
	EndGlobalSection
EndGlobal
