
Microsoft Visual Studio Solution File, Format Version 12.00
# Visual Studio Version 17
VisualStudioVersion = 17.14.36518.9
MinimumVisualStudioVersion = 10.0.40219.1
Project("{2150E333-8FDC-42A3-9474-1A3956D46DE8}") = "Services", "Services", "{02EA681E-C7D8-13C7-8484-4AC65E1B71E8}"
EndProject
Project("{2150E333-8FDC-42A3-9474-1A3956D46DE8}") = "Catalog", "Catalog", "{63120AE7-5F94-4A06-BDCE-5E862E236346}"
EndProject
Project("{FAE04EC0-301F-11D3-BF4B-00C04F79EFBC}") = "Catalog.Api", "Services\Catalog\Catalog.ApI\Catalog.Api.csproj", "{B4C493CD-0206-42EE-BD57-9FF5C72FB0D8}"
EndProject
Project("{2150E333-8FDC-42A3-9474-1A3956D46DE8}") = "BuildingBlocks", "BuildingBlocks", "{BA39904A-DF1D-433F-985D-150F710D34E8}"
EndProject
Project("{FAE04EC0-301F-11D3-BF4B-00C04F79EFBC}") = "BuildingBlocks", "BuildingBlocks\BuildingBlocks\BuildingBlocks.csproj", "{CBC35ACB-F30B-4314-A8E6-CAB3A296EE93}"
EndProject
Project("{E53339B2-1760-4266-BCC7-CA923CBCF16C}") = "docker-compose", "docker-compose.dcproj", "{81DDED9D-158B-E303-5F62-77A2896D2A5A}"
EndProject
Global
	GlobalSection(SolutionConfigurationPlatforms) = preSolution
		Debug|Any CPU = Debug|Any CPU
		Release|Any CPU = Release|Any CPU
	EndGlobalSection
	GlobalSection(ProjectConfigurationPlatforms) = postSolution
		{B4C493CD-0206-42EE-BD57-9FF5C72FB0D8}.Debug|Any CPU.ActiveCfg = Debug|Any CPU
		{B4C493CD-0206-42EE-BD57-9FF5C72FB0D8}.Debug|Any CPU.Build.0 = Debug|Any CPU
		{B4C493CD-0206-42EE-BD57-9FF5C72FB0D8}.Release|Any CPU.ActiveCfg = Release|Any CPU
		{B4C493CD-0206-42EE-BD57-9FF5C72FB0D8}.Release|Any CPU.Build.0 = Release|Any CPU
		{CBC35ACB-F30B-4314-A8E6-CAB3A296EE93}.Debug|Any CPU.ActiveCfg = Debug|Any CPU
		{CBC35ACB-F30B-4314-A8E6-CAB3A296EE93}.Debug|Any CPU.Build.0 = Debug|Any CPU
		{CBC35ACB-F30B-4314-A8E6-CAB3A296EE93}.Release|Any CPU.ActiveCfg = Release|Any CPU
		{CBC35ACB-F30B-4314-A8E6-CAB3A296EE93}.Release|Any CPU.Build.0 = Release|Any CPU
		{81DDED9D-158B-E303-5F62-77A2896D2A5A}.Debug|Any CPU.ActiveCfg = Debug|Any CPU
		{81DDED9D-158B-E303-5F62-77A2896D2A5A}.Debug|Any CPU.Build.0 = Debug|Any CPU
		{81DDED9D-158B-E303-5F62-77A2896D2A5A}.Release|Any CPU.ActiveCfg = Release|Any CPU
		{81DDED9D-158B-E303-5F62-77A2896D2A5A}.Release|Any CPU.Build.0 = Release|Any CPU
	EndGlobalSection
	GlobalSection(SolutionProperties) = preSolution
		HideSolutionNode = FALSE
	EndGlobalSection
	GlobalSection(NestedProjects) = preSolution
		{63120AE7-5F94-4A06-BDCE-5E862E236346} = {02EA681E-C7D8-13C7-8484-4AC65E1B71E8}
		{B4C493CD-0206-42EE-BD57-9FF5C72FB0D8} = {63120AE7-5F94-4A06-BDCE-5E862E236346}
		{CBC35ACB-F30B-4314-A8E6-CAB3A296EE93} = {BA39904A-DF1D-433F-985D-150F710D34E8}
	EndGlobalSection
	GlobalSection(ExtensibilityGlobals) = postSolution
		SolutionGuid = {48BB613B-2F0B-45BA-842A-7A4C743E1FD0}
	EndGlobalSection
EndGlobal
